// !$*UTF8*$!
{
	archiveVersion = 1;
	classes = {
	};
	objectVersion = 46;
	objects = {

/* Begin PBXBuildFile section */
		A523760D1FC30D880030CBB1 /* AppDelegate.swift in Sources */ = {isa = PBXBuildFile; fileRef = A523760C1FC30D880030CBB1 /* AppDelegate.swift */; };
		A523760F1FC30D880030CBB1 /* ViewController.swift in Sources */ = {isa = PBXBuildFile; fileRef = A523760E1FC30D880030CBB1 /* ViewController.swift */; };
		A52376121FC30D880030CBB1 /* Main.storyboard in Resources */ = {isa = PBXBuildFile; fileRef = A52376101FC30D880030CBB1 /* Main.storyboard */; };
		A52376141FC30D880030CBB1 /* Assets.xcassets in Resources */ = {isa = PBXBuildFile; fileRef = A52376131FC30D880030CBB1 /* Assets.xcassets */; };
		A52376171FC30D880030CBB1 /* LaunchScreen.storyboard in Resources */ = {isa = PBXBuildFile; fileRef = A52376151FC30D880030CBB1 /* LaunchScreen.storyboard */; };
		A52376201FC30EA80030CBB1 /* SpriteKit.framework in Frameworks */ = {isa = PBXBuildFile; fileRef = A523761F1FC30EA80030CBB1 /* SpriteKit.framework */; };
		A52376221FC3155A0030CBB1 /* GameScene.swift in Sources */ = {isa = PBXBuildFile; fileRef = A52376211FC3155A0030CBB1 /* GameScene.swift */; };
/* End PBXBuildFile section */

/* Begin PBXFileReference section */
		A52376091FC30D880030CBB1 /* FlappyBird.app */ = {isa = PBXFileReference; explicitFileType = wrapper.application; includeInIndex = 0; path = FlappyBird.app; sourceTree = BUILT_PRODUCTS_DIR; };
		A523760C1FC30D880030CBB1 /* AppDelegate.swift */ = {isa = PBXFileReference; lastKnownFileType = sourcecode.swift; path = AppDelegate.swift; sourceTree = "<group>"; };
		A523760E1FC30D880030CBB1 /* ViewController.swift */ = {isa = PBXFileReference; lastKnownFileType = sourcecode.swift; path = ViewController.swift; sourceTree = "<group>"; };
		A52376111FC30D880030CBB1 /* Base */ = {isa = PBXFileReference; lastKnownFileType = file.storyboard; name = Base; path = Base.lproj/Main.storyboard; sourceTree = "<group>"; };
		A52376131FC30D880030CBB1 /* Assets.xcassets */ = {isa = PBXFileReference; lastKnownFileType = folder.assetcatalog; path = Assets.xcassets; sourceTree = "<group>"; };
		A52376161FC30D880030CBB1 /* Base */ = {isa = PBXFileReference; lastKnownFileType = file.storyboard; name = Base; path = Base.lproj/LaunchScreen.storyboard; sourceTree = "<group>"; };
		A52376181FC30D880030CBB1 /* Info.plist */ = {isa = PBXFileReference; lastKnownFileType = text.plist.xml; path = Info.plist; sourceTree = "<group>"; };
		A523761F1FC30EA80030CBB1 /* SpriteKit.framework */ = {isa = PBXFileReference; lastKnownFileType = wrapper.framework; name = SpriteKit.framework; path = System/Library/Frameworks/SpriteKit.framework; sourceTree = SDKROOT; };
		A52376211FC3155A0030CBB1 /* GameScene.swift */ = {isa = PBXFileReference; fileEncoding = 4; lastKnownFileType = sourcecode.swift; path = GameScene.swift; sourceTree = "<group>"; };
/* End PBXFileReference section */

/* Begin PBXFrameworksBuildPhase section */
		A52376061FC30D880030CBB1 /* Frameworks */ = {
			isa = PBXFrameworksBuildPhase;
			buildActionMask = 2147483647;
			files = (
				A52376201FC30EA80030CBB1 /* SpriteKit.framework in Frameworks */,
			);
			runOnlyForDeploymentPostprocessing = 0;
		};
/* End PBXFrameworksBuildPhase section */

/* Begin PBXGroup section */
		A52376001FC30D880030CBB1 = {
			isa = PBXGroup;
			children = (
				A523760B1FC30D880030CBB1 /* FlappyBird */,
				A523760A1FC30D880030CBB1 /* Products */,
				A523761E1FC30EA80030CBB1 /* Frameworks */,
			);
			sourceTree = "<group>";
		};
		A523760A1FC30D880030CBB1 /* Products */ = {
			isa = PBXGroup;
			children = (
				A52376091FC30D880030CBB1 /* FlappyBird.app */,
			);
			name = Products;
			sourceTree = "<group>";
		};
		A523760B1FC30D880030CBB1 /* FlappyBird */ = {
			isa = PBXGroup;
			children = (
				A523760C1FC30D880030CBB1 /* AppDelegate.swift */,
				A523760E1FC30D880030CBB1 /* ViewController.swift */,
				A52376101FC30D880030CBB1 /* Main.storyboard */,
				A52376131FC30D880030CBB1 /* Assets.xcassets */,
				A52376211FC3155A0030CBB1 /* GameScene.swift */,
				A52376151FC30D880030CBB1 /* LaunchScreen.storyboard */,
				A52376181FC30D880030CBB1 /* Info.plist */,
			);
			path = FlappyBird;
			sourceTree = "<group>";
		};
		A523761E1FC30EA80030CBB1 /* Frameworks */ = {
			isa = PBXGroup;
			children = (
				A523761F1FC30EA80030CBB1 /* SpriteKit.framework */,
			);
			name = Frameworks;
			sourceTree = "<group>";
		};
/* End PBXGroup section */

/* Begin PBXNativeTarget section */
		A52376081FC30D880030CBB1 /* FlappyBird */ = {
			isa = PBXNativeTarget;
			buildConfigurationList = A523761B1FC30D880030CBB1 /* Build configuration list for PBXNativeTarget "FlappyBird" */;
			buildPhases = (
				A52376051FC30D880030CBB1 /* Sources */,
				A52376061FC30D880030CBB1 /* Frameworks */,
				A52376071FC30D880030CBB1 /* Resources */,
			);
			buildRules = (
			);
			dependencies = (
			);
			name = FlappyBird;
			productName = FlappyBird;
			productReference = A52376091FC30D880030CBB1 /* FlappyBird.app */;
			productType = "com.apple.product-type.application";
		};
/* End PBXNativeTarget section */

/* Begin PBXProject section */
		A52376011FC30D880030CBB1 /* Project object */ = {
			isa = PBXProject;
			attributes = {
				LastSwiftUpdateCheck = 0830;
				LastUpgradeCheck = 0830;
				ORGANIZATIONNAME = mikiya.tadano;
				TargetAttributes = {
					A52376081FC30D880030CBB1 = {
						CreatedOnToolsVersion = 8.3.3;
						ProvisioningStyle = Automatic;
					};
				};
			};
			buildConfigurationList = A52376041FC30D880030CBB1 /* Build configuration list for PBXProject "FlappyBird" */;
			compatibilityVersion = "Xcode 3.2";
			developmentRegion = English;
			hasScannedForEncodings = 0;
			knownRegions = (
				en,
				Base,
			);
			mainGroup = A52376001FC30D880030CBB1;
			productRefGroup = A523760A1FC30D880030CBB1 /* Products */;
			projectDirPath = "";
			projectRoot = "";
			targets = (
				A52376081FC30D880030CBB1 /* FlappyBird */,
			);
		};
/* End PBXProject section */

/* Begin PBXResourcesBuildPhase section */
		A52376071FC30D880030CBB1 /* Resources */ = {
			isa = PBXResourcesBuildPhase;
			buildActionMask = 2147483647;
			files = (
				A52376171FC30D880030CBB1 /* LaunchScreen.storyboard in Resources */,
				A52376141FC30D880030CBB1 /* Assets.xcassets in Resources */,
				A52376121FC30D880030CBB1 /* Main.storyboard in Resources */,
			);
			runOnlyForDeploymentPostprocessing = 0;
		};
/* End PBXResourcesBuildPhase section */

/* Begin PBXSourcesBuildPhase section */
		A52376051FC30D880030CBB1 /* Sources */ = {
			isa = PBXSourcesBuildPhase;
			buildActionMask = 2147483647;
			files = (
				A52376221FC3155A0030CBB1 /* GameScene.swift in Sources */,
				A523760F1FC30D880030CBB1 /* ViewController.swift in Sources */,
				A523760D1FC30D880030CBB1 /* AppDelegate.swift in Sources */,
			);
			runOnlyForDeploymentPostprocessing = 0;
		};
/* End PBXSourcesBuildPhase section */

/* Begin PBXVariantGroup section */
		A52376101FC30D880030CBB1 /* Main.storyboard */ = {
			isa = PBXVariantGroup;
			children = (
				A52376111FC30D880030CBB1 /* Base */,
			);
			name = Main.storyboard;
			sourceTree = "<group>";
		};
		A52376151FC30D880030CBB1 /* LaunchScreen.storyboard */ = {
			isa = PBXVariantGroup;
			children = (
				A52376161FC30D880030CBB1 /* Base */,
			);
			name = LaunchScreen.storyboard;
			sourceTree = "<group>";
		};
/* End PBXVariantGroup section */

/* Begin XCBuildConfiguration section */
		A52376191FC30D880030CBB1 /* Debug */ = {
			isa = XCBuildConfiguration;
			buildSettings = {
				ALWAYS_SEARCH_USER_PATHS = NO;
				CLANG_ANALYZER_NONNULL = YES;
				CLANG_ANALYZER_NUMBER_OBJECT_CONVERSION = YES_AGGRESSIVE;
				CLANG_CXX_LANGUAGE_STANDARD = "gnu++0x";
				CLANG_CXX_LIBRARY = "libc++";
				CLANG_ENABLE_MODULES = YES;
				CLANG_ENABLE_OBJC_ARC = YES;
				CLANG_WARN_BOOL_CONVERSION = YES;
				CLANG_WARN_CONSTANT_CONVERSION = YES;
				CLANG_WARN_DIRECT_OBJC_ISA_USAGE = YES_ERROR;
				CLANG_WARN_DOCUMENTATION_COMMENTS = YES;
				CLANG_WARN_EMPTY_BODY = YES;
				CLANG_WARN_ENUM_CONVERSION = YES;
				CLANG_WARN_INFINITE_RECURSION = YES;
				CLANG_WARN_INT_CONVERSION = YES;
				CLANG_WARN_OBJC_ROOT_CLASS = YES_ERROR;
				CLANG_WARN_SUSPICIOUS_MOVE = YES;
				CLANG_WARN_UNREACHABLE_CODE = YES;
				CLANG_WARN__DUPLICATE_METHOD_MATCH = YES;
				"CODE_SIGN_IDENTITY[sdk=iphoneos*]" = "iPhone Developer";
				COPY_PHASE_STRIP = NO;
				DEBUG_INFORMATION_FORMAT = dwarf;
				ENABLE_STRICT_OBJC_MSGSEND = YES;
				ENABLE_TESTABILITY = YES;
				GCC_C_LANGUAGE_STANDARD = gnu99;
				GCC_DYNAMIC_NO_PIC = NO;
				GCC_NO_COMMON_BLOCKS = YES;
				GCC_OPTIMIZATION_LEVEL = 0;
				GCC_PREPROCESSOR_DEFINITIONS = (
					"DEBUG=1",
					"$(inherited)",
				);
				GCC_WARN_64_TO_32_BIT_CONVERSION = YES;
				GCC_WARN_ABOUT_RETURN_TYPE = YES_ERROR;
				GCC_WARN_UNDECLARED_SELECTOR = YES;
				GCC_WARN_UNINITIALIZED_AUTOS = YES_AGGRESSIVE;
				GCC_WARN_UNUSED_FUNCTION = YES;
				GCC_WARN_UNUSED_VARIABLE = YES;
				IPHONEOS_DEPLOYMENT_TARGET = 10.3;
				MTL_ENABLE_DEBUG_INFO = YES;
				ONLY_ACTIVE_ARCH = YES;
				SDKROOT = iphoneos;
				SWIFT_ACTIVE_COMPILATION_CONDITIONS = DEBUG;
				SWIFT_OPTIMIZATION_LEVEL = "-Onone";
			};
			name = Debug;
		};
		A523761A1FC30D880030CBB1 /* Release */ = {
			isa = XCBuildConfiguration;
			buildSettings = {
				ALWAYS_SEARCH_USER_PATHS = NO;
				CLANG_ANALYZER_NONNULL = YES;
				CLANG_ANALYZER_NUMBER_OBJECT_CONVERSION = YES_AGGRESSIVE;
				CLANG_CXX_LANGUAGE_STANDARD = "gnu++0x";
				CLANG_CXX_LIBRARY = "libc++";
				CLANG_ENABLE_MODULES = YES;
				CLANG_ENABLE_OBJC_ARC = YES;
				CLANG_WARN_BOOL_CONVERSION = YES;
				CLANG_WARN_CONSTANT_CONVERSION = YES;
				CLANG_WARN_DIRECT_OBJC_ISA_USAGE = YES_ERROR;
				CLANG_WARN_DOCUMENTATION_COMMENTS = YES;
				CLANG_WARN_EMPTY_BODY = YES;
				CLANG_WARN_ENUM_CONVERSION = YES;
				CLANG_WARN_INFINITE_RECURSION = YES;
				CLANG_WARN_INT_CONVERSION = YES;
				CLANG_WARN_OBJC_ROOT_CLASS = YES_ERROR;
				CLANG_WARN_SUSPICIOUS_MOVE = YES;
				CLANG_WARN_UNREACHABLE_CODE = YES;
				CLANG_WARN__DUPLICATE_METHOD_MATCH = YES;
				"CODE_SIGN_IDENTITY[sdk=iphoneos*]" = "iPhone Developer";
				COPY_PHASE_STRIP = NO;
				DEBUG_INFORMATION_FORMAT = "dwarf-with-dsym";
				ENABLE_NS_ASSERTIONS = NO;
				ENABLE_STRICT_OBJC_MSGSEND = YES;
				GCC_C_LANGUAGE_STANDARD = gnu99;
				GCC_NO_COMMON_BLOCKS = YES;
				GCC_WARN_64_TO_32_BIT_CONVERSION = YES;
				GCC_WARN_ABOUT_RETURN_TYPE = YES_ERROR;
				GCC_WARN_UNDECLARED_SELECTOR = YES;
				GCC_WARN_UNINITIALIZED_AUTOS = YES_AGGRESSIVE;
				GCC_WARN_UNUSED_FUNCTION = YES;
				GCC_WARN_UNUSED_VARIABLE = YES;
				IPHONEOS_DEPLOYMENT_TARGET = 10.3;
				MTL_ENABLE_DEBUG_INFO = NO;
				SDKROOT = iphoneos;
				SWIFT_OPTIMIZATION_LEVEL = "-Owholemodule";
				VALIDATE_PRODUCT = YES;
			};
			name = Release;
		};
		A523761C1FC30D880030CBB1 /* Debug */ = {
			isa = XCBuildConfiguration;
			buildSettings = {
				ASSETCATALOG_COMPILER_APPICON_NAME = AppIcon;
				INFOPLIST_FILE = FlappyBird/Info.plist;
				LD_RUNPATH_SEARCH_PATHS = "$(inherited) @executable_path/Frameworks";
				PRODUCT_BUNDLE_IDENTIFIER = jp.techacademy.mikiya.tadano.FlappyBird;
				PRODUCT_NAME = "$(TARGET_NAME)";
				SWIFT_VERSION = 3.0;
			};
			name = Debug;
		};
		A523761D1FC30D880030CBB1 /* Release */ = {
			isa = XCBuildConfiguration;
			buildSettings = {
				ASSETCATALOG_COMPILER_APPICON_NAME = AppIcon;
				INFOPLIST_FILE = FlappyBird/Info.plist;
				LD_RUNPATH_SEARCH_PATHS = "$(inherited) @executable_path/Frameworks";
				PRODUCT_BUNDLE_IDENTIFIER = jp.techacademy.mikiya.tadano.FlappyBird;
				PRODUCT_NAME = "$(TARGET_NAME)";
				SWIFT_VERSION = 3.0;
			};
			name = Release;
		};
/* End XCBuildConfiguration section */

/* Begin XCConfigurationList section */
		A52376041FC30D880030CBB1 /* Build configuration list for PBXProject "FlappyBird" */ = {
			isa = XCConfigurationList;
			buildConfigurations = (
				A52376191FC30D880030CBB1 /* Debug */,
				A523761A1FC30D880030CBB1 /* Release */,
			);
			defaultConfigurationIsVisible = 0;
			defaultConfigurationName = Release;
		};
		A523761B1FC30D880030CBB1 /* Build configuration list for PBXNativeTarget "FlappyBird" */ = {
			isa = XCConfigurationList;
			buildConfigurations = (
				A523761C1FC30D880030CBB1 /* Debug */,
				A523761D1FC30D880030CBB1 /* Release */,
			);
			defaultConfigurationIsVisible = 0;
		};
/* End XCConfigurationList section */
	};
	rootObject = A52376011FC30D880030CBB1 /* Project object */;
}
